PODS:
  - Bytedance-UnionAD (3.3.6.1)
  - GDTMobSDK (4.12.1):
    - GDTMobSDK/GDTMobSDK (= 4.12.1)
  - GDTMobSDK/GDTMobSDK (4.12.1)
  - GTMAdSDK (1.0.6):
    - Bytedance-UnionAD
    - GDTMobSDK
    - SigmobAd-iOS
  - SigmobAd-iOS (2.23.1):
    - SigmobAd-iOS/WindSDK (= 2.23.1)
  - SigmobAd-iOS/WindSDK (2.23.1)

DEPENDENCIES:
  - GTMAdSDK (from `../`)

SPEC REPOS:
  trunk:
    - Bytedance-UnionAD
    - GDTMobSDK
    - SigmobAd-iOS

EXTERNAL SOURCES:
  GTMAdSDK:
    :path: "../"

SPEC CHECKSUMS:
  Bytedance-UnionAD: f496daec3dbd590014ed1a9facee328ec17f064d
  GDTMobSDK: 8153fd4ed7f16be4786923226487ff60f0344a4f
  GTMAdSDK: e59cd4b5a26fd3a3be4bce780d12e34d9a336596
  SigmobAd-iOS: 7724dc1f7c09ade012487c020e1d75ac50eee778

PODFILE CHECKSUM: e2c44050b7db185c518b4e64ef433c8c6dda4c1b

COCOAPODS: 1.10.0
