PODS:
  - Ads-CN (3.5.1.2):
    - Ads-CN/BUAdSDK (= 3.5.1.2)
  - Ads-CN/BUAdSDK (3.5.1.2):
    - Ads-CN/BUFoundation
    - Ads-CN/Domestic
  - Ads-CN/BUFoundation (3.5.1.2)
  - Ads-CN/Domestic (3.5.1.2)
  - GDTMobSDK (4.12.60):
    - GDTMobSDK/GDTMobSDK (= 4.12.60)
  - GDTMobSDK/GDTMobSDK (4.12.60)
  - GTMAdSDK (1.1.2):
    - Ads-CN
    - GDTMobSDK
    - SigmobAd-iOS (~> 2.25.1)
  - SigmobAd-iOS (2.25.1):
    - SigmobAd-iOS/WindSDK (= 2.25.1)
  - SigmobAd-iOS/WindSDK (2.25.1)

DEPENDENCIES:
  - GTMAdSDK (from `../`)

SPEC REPOS:
  trunk:
    - Ads-CN
    - GDTMobSDK
    - SigmobAd-iOS

EXTERNAL SOURCES:
  GTMAdSDK:
    :path: "../"

SPEC CHECKSUMS:
  Ads-CN: c9f347beb4f9f3894ba1955eee224dd47c3da722
  GDTMobSDK: fcaaeaf16af7203627e4e5d2ab81949c158e3d9c
  GTMAdSDK: a1ef14662cd7fe6e959c65ac0b0e9526e44ccfcb
  SigmobAd-iOS: 8ee14d73e480f3bef9b54e18104c967b21dc6d82

PODFILE CHECKSUM: e2c44050b7db185c518b4e64ef433c8c6dda4c1b

COCOAPODS: 1.10.1
